// !$*UTF8*$!
{
	archiveVersion = 1;
	classes = {
	};
	objectVersion = 56;
	objects = {

/* Begin PBXBuildFile section */
		DA2568532CE8E99500E29243 /* MainPopularSection.swift in Sources */ = {isa = PBXBuildFile; fileRef = DA2568522CE8E99500E29243 /* MainPopularSection.swift */; };
		DA2568552CE8EA7300E29243 /* PopularItem.swift in Sources */ = {isa = PBXBuildFile; fileRef = DA2568542CE8EA7300E29243 /* PopularItem.swift */; };
		DA2568572CE8F3B400E29243 /* Article.swift in Sources */ = {isa = PBXBuildFile; fileRef = DA2568562CE8F3B400E29243 /* Article.swift */; };
		DA2568592CE8F4FB00E29243 /* MainArticlesView.swift in Sources */ = {isa = PBXBuildFile; fileRef = DA2568582CE8F4FB00E29243 /* MainArticlesView.swift */; };
		DA25685B2CE8FA1100E29243 /* UserCollectionView.swift in Sources */ = {isa = PBXBuildFile; fileRef = DA25685A2CE8FA1100E29243 /* UserCollectionView.swift */; };
		DA25685E2CE8FCF500E29243 /* UserCollectionStatistics.swift in Sources */ = {isa = PBXBuildFile; fileRef = DA25685D2CE8FCF500E29243 /* UserCollectionStatistics.swift */; };
		DA2568602CE9116000E29243 /* CustomPicker.swift in Sources */ = {isa = PBXBuildFile; fileRef = DA25685F2CE9116000E29243 /* CustomPicker.swift */; };
		DA2568622CE9121500E29243 /* ViewOption.swift in Sources */ = {isa = PBXBuildFile; fileRef = DA2568612CE9121500E29243 /* ViewOption.swift */; };
		DA31416C2CE8AD8D009D52B2 /* MainScrollView.swift in Sources */ = {isa = PBXBuildFile; fileRef = DA31416B2CE8AD8C009D52B2 /* MainScrollView.swift */; };
		DA31416E2CE8ADC7009D52B2 /* MainTopView.swift in Sources */ = {isa = PBXBuildFile; fileRef = DA31416D2CE8ADC7009D52B2 /* MainTopView.swift */; };
		DA3141702CE8AE1D009D52B2 /* MainTopButton.swift in Sources */ = {isa = PBXBuildFile; fileRef = DA31416F2CE8AE1C009D52B2 /* MainTopButton.swift */; };
		DA3141722CE8C083009D52B2 /* MainActiveSection.swift in Sources */ = {isa = PBXBuildFile; fileRef = DA3141712CE8C083009D52B2 /* MainActiveSection.swift */; };
		DAC321222CE9E27300FE9CFA /* CreateCollectionSheet.swift in Sources */ = {isa = PBXBuildFile; fileRef = DAC321212CE9E27300FE9CFA /* CreateCollectionSheet.swift */; };
		DAC321242CE9F66E00FE9CFA /* UserCollectionViewModel.swift in Sources */ = {isa = PBXBuildFile; fileRef = DAC321232CE9F66E00FE9CFA /* UserCollectionViewModel.swift */; };
		DAC321262CE9FD6C00FE9CFA /* UserCollection.swift in Sources */ = {isa = PBXBuildFile; fileRef = DAC321252CE9FD6C00FE9CFA /* UserCollection.swift */; };
		DAD73E802CE765A400B2A1B1 /* identify_antiqueApp.swift in Sources */ = {isa = PBXBuildFile; fileRef = DAD73E7F2CE765A400B2A1B1 /* identify_antiqueApp.swift */; };
		DAD73E822CE765A400B2A1B1 /* ContentView.swift in Sources */ = {isa = PBXBuildFile; fileRef = DAD73E812CE765A400B2A1B1 /* ContentView.swift */; };
		DAD73E842CE765A700B2A1B1 /* Assets.xcassets in Resources */ = {isa = PBXBuildFile; fileRef = DAD73E832CE765A700B2A1B1 /* Assets.xcassets */; };
		DAD73E872CE765A700B2A1B1 /* Preview Assets.xcassets in Resources */ = {isa = PBXBuildFile; fileRef = DAD73E862CE765A700B2A1B1 /* Preview Assets.xcassets */; };
		DAD73E942CE769DF00B2A1B1 /* OnboardingView.swift in Sources */ = {isa = PBXBuildFile; fileRef = DAD73E932CE769DF00B2A1B1 /* OnboardingView.swift */; };
		DAD73E962CE78C7900B2A1B1 /* Strings.swift in Sources */ = {isa = PBXBuildFile; fileRef = DAD73E952CE78C7900B2A1B1 /* Strings.swift */; };
		DAD73E982CE7A84D00B2A1B1 /* TabNavigationBar.swift in Sources */ = {isa = PBXBuildFile; fileRef = DAD73E972CE7A84D00B2A1B1 /* TabNavigationBar.swift */; };
		DAD73E9A2CE87B4500B2A1B1 /* MainView.swift in Sources */ = {isa = PBXBuildFile; fileRef = DAD73E992CE87B4500B2A1B1 /* MainView.swift */; };
/* End PBXBuildFile section */

/* Begin PBXFileReference section */
		DA2568522CE8E99500E29243 /* MainPopularSection.swift */ = {isa = PBXFileReference; lastKnownFileType = sourcecode.swift; path = MainPopularSection.swift; sourceTree = "<group>"; };
		DA2568542CE8EA7300E29243 /* PopularItem.swift */ = {isa = PBXFileReference; lastKnownFileType = sourcecode.swift; path = PopularItem.swift; sourceTree = "<group>"; };
		DA2568562CE8F3B400E29243 /* Article.swift */ = {isa = PBXFileReference; lastKnownFileType = sourcecode.swift; path = Article.swift; sourceTree = "<group>"; };
		DA2568582CE8F4FB00E29243 /* MainArticlesView.swift */ = {isa = PBXFileReference; lastKnownFileType = sourcecode.swift; path = MainArticlesView.swift; sourceTree = "<group>"; };
		DA25685A2CE8FA1100E29243 /* UserCollectionView.swift */ = {isa = PBXFileReference; lastKnownFileType = sourcecode.swift; path = UserCollectionView.swift; sourceTree = "<group>"; };
		DA25685D2CE8FCF500E29243 /* UserCollectionStatistics.swift */ = {isa = PBXFileReference; lastKnownFileType = sourcecode.swift; path = UserCollectionStatistics.swift; sourceTree = "<group>"; };
		DA25685F2CE9116000E29243 /* CustomPicker.swift */ = {isa = PBXFileReference; lastKnownFileType = sourcecode.swift; path = CustomPicker.swift; sourceTree = "<group>"; };
		DA2568612CE9121500E29243 /* ViewOption.swift */ = {isa = PBXFileReference; lastKnownFileType = sourcecode.swift; path = ViewOption.swift; sourceTree = "<group>"; };
		DA31416B2CE8AD8C009D52B2 /* MainScrollView.swift */ = {isa = PBXFileReference; lastKnownFileType = sourcecode.swift; path = MainScrollView.swift; sourceTree = "<group>"; };
		DA31416D2CE8ADC7009D52B2 /* MainTopView.swift */ = {isa = PBXFileReference; lastKnownFileType = sourcecode.swift; path = MainTopView.swift; sourceTree = "<group>"; };
		DA31416F2CE8AE1C009D52B2 /* MainTopButton.swift */ = {isa = PBXFileReference; lastKnownFileType = sourcecode.swift; path = MainTopButton.swift; sourceTree = "<group>"; };
		DA3141712CE8C083009D52B2 /* MainActiveSection.swift */ = {isa = PBXFileReference; lastKnownFileType = sourcecode.swift; path = MainActiveSection.swift; sourceTree = "<group>"; };
		DAC321212CE9E27300FE9CFA /* CreateCollectionSheet.swift */ = {isa = PBXFileReference; lastKnownFileType = sourcecode.swift; path = CreateCollectionSheet.swift; sourceTree = "<group>"; };
		DAC321232CE9F66E00FE9CFA /* UserCollectionViewModel.swift */ = {isa = PBXFileReference; lastKnownFileType = sourcecode.swift; path = UserCollectionViewModel.swift; sourceTree = "<group>"; };
		DAC321252CE9FD6C00FE9CFA /* UserCollection.swift */ = {isa = PBXFileReference; lastKnownFileType = sourcecode.swift; path = UserCollection.swift; sourceTree = "<group>"; };
		DAD73E7C2CE765A400B2A1B1 /* identify-antique.app */ = {isa = PBXFileReference; explicitFileType = wrapper.application; includeInIndex = 0; path = "identify-antique.app"; sourceTree = BUILT_PRODUCTS_DIR; };
		DAD73E7F2CE765A400B2A1B1 /* identify_antiqueApp.swift */ = {isa = PBXFileReference; lastKnownFileType = sourcecode.swift; path = identify_antiqueApp.swift; sourceTree = "<group>"; };
		DAD73E812CE765A400B2A1B1 /* ContentView.swift */ = {isa = PBXFileReference; lastKnownFileType = sourcecode.swift; path = ContentView.swift; sourceTree = "<group>"; };
		DAD73E832CE765A700B2A1B1 /* Assets.xcassets */ = {isa = PBXFileReference; lastKnownFileType = folder.assetcatalog; path = Assets.xcassets; sourceTree = "<group>"; };
		DAD73E862CE765A700B2A1B1 /* Preview Assets.xcassets */ = {isa = PBXFileReference; lastKnownFileType = folder.assetcatalog; path = "Preview Assets.xcassets"; sourceTree = "<group>"; };
		DAD73E932CE769DF00B2A1B1 /* OnboardingView.swift */ = {isa = PBXFileReference; lastKnownFileType = sourcecode.swift; path = OnboardingView.swift; sourceTree = "<group>"; };
		DAD73E952CE78C7900B2A1B1 /* Strings.swift */ = {isa = PBXFileReference; lastKnownFileType = sourcecode.swift; path = Strings.swift; sourceTree = "<group>"; };
		DAD73E972CE7A84D00B2A1B1 /* TabNavigationBar.swift */ = {isa = PBXFileReference; lastKnownFileType = sourcecode.swift; path = TabNavigationBar.swift; sourceTree = "<group>"; };
		DAD73E992CE87B4500B2A1B1 /* MainView.swift */ = {isa = PBXFileReference; lastKnownFileType = sourcecode.swift; path = MainView.swift; sourceTree = "<group>"; };
/* End PBXFileReference section */

/* Begin PBXFrameworksBuildPhase section */
		DAD73E792CE765A400B2A1B1 /* Frameworks */ = {
			isa = PBXFrameworksBuildPhase;
			buildActionMask = 2147483647;
			files = (
			);
			runOnlyForDeploymentPostprocessing = 0;
		};
/* End PBXFrameworksBuildPhase section */

/* Begin PBXGroup section */
		DA25685C2CE8FCCB00E29243 /* UserCollection */ = {
			isa = PBXGroup;
			children = (
				DA25685A2CE8FA1100E29243 /* UserCollectionView.swift */,
				DA25685D2CE8FCF500E29243 /* UserCollectionStatistics.swift */,
				DA25685F2CE9116000E29243 /* CustomPicker.swift */,
				DAC321212CE9E27300FE9CFA /* CreateCollectionSheet.swift */,
			);
			path = UserCollection;
			sourceTree = "<group>";
		};
		DA31416A2CE8AD5A009D52B2 /* Main */ = {
			isa = PBXGroup;
			children = (
				DAD73E992CE87B4500B2A1B1 /* MainView.swift */,
				DA31416D2CE8ADC7009D52B2 /* MainTopView.swift */,
				DA31416B2CE8AD8C009D52B2 /* MainScrollView.swift */,
				DA31416F2CE8AE1C009D52B2 /* MainTopButton.swift */,
				DA3141712CE8C083009D52B2 /* MainActiveSection.swift */,
				DA2568522CE8E99500E29243 /* MainPopularSection.swift */,
				DA2568582CE8F4FB00E29243 /* MainArticlesView.swift */,
			);
			path = Main;
			sourceTree = "<group>";
		};
		DAD73E732CE765A400B2A1B1 = {
			isa = PBXGroup;
			children = (
				DAD73E7E2CE765A400B2A1B1 /* identify-antique */,
				DAD73E7D2CE765A400B2A1B1 /* Products */,
			);
			sourceTree = "<group>";
		};
		DAD73E7D2CE765A400B2A1B1 /* Products */ = {
			isa = PBXGroup;
			children = (
				DAD73E7C2CE765A400B2A1B1 /* identify-antique.app */,
			);
			name = Products;
			sourceTree = "<group>";
		};
		DAD73E7E2CE765A400B2A1B1 /* identify-antique */ = {
			isa = PBXGroup;
			children = (
				DAD73E832CE765A700B2A1B1 /* Assets.xcassets */,
				DAD73E7F2CE765A400B2A1B1 /* identify_antiqueApp.swift */,
				DAD73E8E2CE767A500B2A1B1 /* Models */,
				DAD73E8D2CE7679B00B2A1B1 /* Views */,
				DAD73E8F2CE767AC00B2A1B1 /* ViewModels */,
				DAD73E852CE765A700B2A1B1 /* Preview Content */,
			);
			path = "identify-antique";
			sourceTree = "<group>";
		};
		DAD73E852CE765A700B2A1B1 /* Preview Content */ = {
			isa = PBXGroup;
			children = (
				DAD73E862CE765A700B2A1B1 /* Preview Assets.xcassets */,
			);
			path = "Preview Content";
			sourceTree = "<group>";
		};
		DAD73E8D2CE7679B00B2A1B1 /* Views */ = {
			isa = PBXGroup;
			children = (
				DAD73E812CE765A400B2A1B1 /* ContentView.swift */,
				DAD73E932CE769DF00B2A1B1 /* OnboardingView.swift */,
				DAD73E972CE7A84D00B2A1B1 /* TabNavigationBar.swift */,
				DA31416A2CE8AD5A009D52B2 /* Main */,
				DA25685C2CE8FCCB00E29243 /* UserCollection */,
			);
			path = Views;
			sourceTree = "<group>";
		};
		DAD73E8E2CE767A500B2A1B1 /* Models */ = {
			isa = PBXGroup;
			children = (
				DAD73E952CE78C7900B2A1B1 /* Strings.swift */,
				DA2568542CE8EA7300E29243 /* PopularItem.swift */,
				DA2568562CE8F3B400E29243 /* Article.swift */,
				DA2568612CE9121500E29243 /* ViewOption.swift */,
				DAC321252CE9FD6C00FE9CFA /* UserCollection.swift */,
			);
			path = Models;
			sourceTree = "<group>";
		};
		DAD73E8F2CE767AC00B2A1B1 /* ViewModels */ = {
			isa = PBXGroup;
			children = (
				DAC321232CE9F66E00FE9CFA /* UserCollectionViewModel.swift */,
			);
			path = ViewModels;
			sourceTree = "<group>";
		};
/* End PBXGroup section */

/* Begin PBXNativeTarget section */
		DAD73E7B2CE765A400B2A1B1 /* identify-antique */ = {
			isa = PBXNativeTarget;
			buildConfigurationList = DAD73E8A2CE765A700B2A1B1 /* Build configuration list for PBXNativeTarget "identify-antique" */;
			buildPhases = (
				DAD73E782CE765A400B2A1B1 /* Sources */,
				DAD73E792CE765A400B2A1B1 /* Frameworks */,
				DAD73E7A2CE765A400B2A1B1 /* Resources */,
			);
			buildRules = (
			);
			dependencies = (
			);
			name = "identify-antique";
			productName = "identify-antique";
			productReference = DAD73E7C2CE765A400B2A1B1 /* identify-antique.app */;
			productType = "com.apple.product-type.application";
		};
/* End PBXNativeTarget section */

/* Begin PBXProject section */
		DAD73E742CE765A400B2A1B1 /* Project object */ = {
			isa = PBXProject;
			attributes = {
				BuildIndependentTargetsInParallel = 1;
				LastSwiftUpdateCheck = 1540;
				LastUpgradeCheck = 1540;
				TargetAttributes = {
					DAD73E7B2CE765A400B2A1B1 = {
						CreatedOnToolsVersion = 15.4;
					};
				};
			};
			buildConfigurationList = DAD73E772CE765A400B2A1B1 /* Build configuration list for PBXProject "identify-antique" */;
			compatibilityVersion = "Xcode 14.0";
			developmentRegion = en;
			hasScannedForEncodings = 0;
			knownRegions = (
				en,
				Base,
			);
			mainGroup = DAD73E732CE765A400B2A1B1;
			productRefGroup = DAD73E7D2CE765A400B2A1B1 /* Products */;
			projectDirPath = "";
			projectRoot = "";
			targets = (
				DAD73E7B2CE765A400B2A1B1 /* identify-antique */,
			);
		};
/* End PBXProject section */

/* Begin PBXResourcesBuildPhase section */
		DAD73E7A2CE765A400B2A1B1 /* Resources */ = {
			isa = PBXResourcesBuildPhase;
			buildActionMask = 2147483647;
			files = (
				DAD73E872CE765A700B2A1B1 /* Preview Assets.xcassets in Resources */,
				DAD73E842CE765A700B2A1B1 /* Assets.xcassets in Resources */,
			);
			runOnlyForDeploymentPostprocessing = 0;
		};
/* End PBXResourcesBuildPhase section */

/* Begin PBXSourcesBuildPhase section */
		DAD73E782CE765A400B2A1B1 /* Sources */ = {
			isa = PBXSourcesBuildPhase;
			buildActionMask = 2147483647;
			files = (
				DA2568572CE8F3B400E29243 /* Article.swift in Sources */,
				DAD73E942CE769DF00B2A1B1 /* OnboardingView.swift in Sources */,
				DA2568602CE9116000E29243 /* CustomPicker.swift in Sources */,
				DA2568592CE8F4FB00E29243 /* MainArticlesView.swift in Sources */,
				DAC321222CE9E27300FE9CFA /* CreateCollectionSheet.swift in Sources */,
				DA2568622CE9121500E29243 /* ViewOption.swift in Sources */,
				DA31416C2CE8AD8D009D52B2 /* MainScrollView.swift in Sources */,
				DA3141722CE8C083009D52B2 /* MainActiveSection.swift in Sources */,
				DA3141702CE8AE1D009D52B2 /* MainTopButton.swift in Sources */,
				DAD73E9A2CE87B4500B2A1B1 /* MainView.swift in Sources */,
				DAD73E982CE7A84D00B2A1B1 /* TabNavigationBar.swift in Sources */,
				DA2568552CE8EA7300E29243 /* PopularItem.swift in Sources */,
				DA25685B2CE8FA1100E29243 /* UserCollectionView.swift in Sources */,
				DAD73E962CE78C7900B2A1B1 /* Strings.swift in Sources */,
				DAC321262CE9FD6C00FE9CFA /* UserCollection.swift in Sources */,
				DAD73E822CE765A400B2A1B1 /* ContentView.swift in Sources */,
				DAC321242CE9F66E00FE9CFA /* UserCollectionViewModel.swift in Sources */,
				DAD73E802CE765A400B2A1B1 /* identify_antiqueApp.swift in Sources */,
				DA2568532CE8E99500E29243 /* MainPopularSection.swift in Sources */,
				DA31416E2CE8ADC7009D52B2 /* MainTopView.swift in Sources */,
				DA25685E2CE8FCF500E29243 /* UserCollectionStatistics.swift in Sources */,
			);
			runOnlyForDeploymentPostprocessing = 0;
		};
/* End PBXSourcesBuildPhase section */

/* Begin XCBuildConfiguration section */
		DAD73E882CE765A700B2A1B1 /* Debug */ = {
			isa = XCBuildConfiguration;
			buildSettings = {
				ALWAYS_SEARCH_USER_PATHS = NO;
				ASSETCATALOG_COMPILER_GENERATE_SWIFT_ASSET_SYMBOL_EXTENSIONS = YES;
				CLANG_ANALYZER_NONNULL = YES;
				CLANG_ANALYZER_NUMBER_OBJECT_CONVERSION = YES_AGGRESSIVE;
				CLANG_CXX_LANGUAGE_STANDARD = "gnu++20";
				CLANG_ENABLE_MODULES = YES;
				CLANG_ENABLE_OBJC_ARC = YES;
				CLANG_ENABLE_OBJC_WEAK = YES;
				CLANG_WARN_BLOCK_CAPTURE_AUTORELEASING = YES;
				CLANG_WARN_BOOL_CONVERSION = YES;
				CLANG_WARN_COMMA = YES;
				CLANG_WARN_CONSTANT_CONVERSION = YES;
				CLANG_WARN_DEPRECATED_OBJC_IMPLEMENTATIONS = YES;
				CLANG_WARN_DIRECT_OBJC_ISA_USAGE = YES_ERROR;
				CLANG_WARN_DOCUMENTATION_COMMENTS = YES;
				CLANG_WARN_EMPTY_BODY = YES;
				CLANG_WARN_ENUM_CONVERSION = YES;
				CLANG_WARN_INFINITE_RECURSION = YES;
				CLANG_WARN_INT_CONVERSION = YES;
				CLANG_WARN_NON_LITERAL_NULL_CONVERSION = YES;
				CLANG_WARN_OBJC_IMPLICIT_RETAIN_SELF = YES;
				CLANG_WARN_OBJC_LITERAL_CONVERSION = YES;
				CLANG_WARN_OBJC_ROOT_CLASS = YES_ERROR;
				CLANG_WARN_QUOTED_INCLUDE_IN_FRAMEWORK_HEADER = YES;
				CLANG_WARN_RANGE_LOOP_ANALYSIS = YES;
				CLANG_WARN_STRICT_PROTOTYPES = YES;
				CLANG_WARN_SUSPICIOUS_MOVE = YES;
				CLANG_WARN_UNGUARDED_AVAILABILITY = YES_AGGRESSIVE;
				CLANG_WARN_UNREACHABLE_CODE = YES;
				CLANG_WARN__DUPLICATE_METHOD_MATCH = YES;
				COPY_PHASE_STRIP = NO;
				DEBUG_INFORMATION_FORMAT = dwarf;
				ENABLE_STRICT_OBJC_MSGSEND = YES;
				ENABLE_TESTABILITY = YES;
				ENABLE_USER_SCRIPT_SANDBOXING = YES;
				GCC_C_LANGUAGE_STANDARD = gnu17;
				GCC_DYNAMIC_NO_PIC = NO;
				GCC_NO_COMMON_BLOCKS = YES;
				GCC_OPTIMIZATION_LEVEL = 0;
				GCC_PREPROCESSOR_DEFINITIONS = (
					"DEBUG=1",
					"$(inherited)",
				);
				GCC_WARN_64_TO_32_BIT_CONVERSION = YES;
				GCC_WARN_ABOUT_RETURN_TYPE = YES_ERROR;
				GCC_WARN_UNDECLARED_SELECTOR = YES;
				GCC_WARN_UNINITIALIZED_AUTOS = YES_AGGRESSIVE;
				GCC_WARN_UNUSED_FUNCTION = YES;
				GCC_WARN_UNUSED_VARIABLE = YES;
				IPHONEOS_DEPLOYMENT_TARGET = 17.5;
				LOCALIZATION_PREFERS_STRING_CATALOGS = YES;
				MTL_ENABLE_DEBUG_INFO = INCLUDE_SOURCE;
				MTL_FAST_MATH = YES;
				ONLY_ACTIVE_ARCH = YES;
				SDKROOT = iphoneos;
				SWIFT_ACTIVE_COMPILATION_CONDITIONS = "DEBUG $(inherited)";
				SWIFT_OPTIMIZATION_LEVEL = "-Onone";
			};
			name = Debug;
		};
		DAD73E892CE765A700B2A1B1 /* Release */ = {
			isa = XCBuildConfiguration;
			buildSettings = {
				ALWAYS_SEARCH_USER_PATHS = NO;
				ASSETCATALOG_COMPILER_GENERATE_SWIFT_ASSET_SYMBOL_EXTENSIONS = YES;
				CLANG_ANALYZER_NONNULL = YES;
				CLANG_ANALYZER_NUMBER_OBJECT_CONVERSION = YES_AGGRESSIVE;
				CLANG_CXX_LANGUAGE_STANDARD = "gnu++20";
				CLANG_ENABLE_MODULES = YES;
				CLANG_ENABLE_OBJC_ARC = YES;
				CLANG_ENABLE_OBJC_WEAK = YES;
				CLANG_WARN_BLOCK_CAPTURE_AUTORELEASING = YES;
				CLANG_WARN_BOOL_CONVERSION = YES;
				CLANG_WARN_COMMA = YES;
				CLANG_WARN_CONSTANT_CONVERSION = YES;
				CLANG_WARN_DEPRECATED_OBJC_IMPLEMENTATIONS = YES;
				CLANG_WARN_DIRECT_OBJC_ISA_USAGE = YES_ERROR;
				CLANG_WARN_DOCUMENTATION_COMMENTS = YES;
				CLANG_WARN_EMPTY_BODY = YES;
				CLANG_WARN_ENUM_CONVERSION = YES;
				CLANG_WARN_INFINITE_RECURSION = YES;
				CLANG_WARN_INT_CONVERSION = YES;
				CLANG_WARN_NON_LITERAL_NULL_CONVERSION = YES;
				CLANG_WARN_OBJC_IMPLICIT_RETAIN_SELF = YES;
				CLANG_WARN_OBJC_LITERAL_CONVERSION = YES;
				CLANG_WARN_OBJC_ROOT_CLASS = YES_ERROR;
				CLANG_WARN_QUOTED_INCLUDE_IN_FRAMEWORK_HEADER = YES;
				CLANG_WARN_RANGE_LOOP_ANALYSIS = YES;
				CLANG_WARN_STRICT_PROTOTYPES = YES;
				CLANG_WARN_SUSPICIOUS_MOVE = YES;
				CLANG_WARN_UNGUARDED_AVAILABILITY = YES_AGGRESSIVE;
				CLANG_WARN_UNREACHABLE_CODE = YES;
				CLANG_WARN__DUPLICATE_METHOD_MATCH = YES;
				COPY_PHASE_STRIP = NO;
				DEBUG_INFORMATION_FORMAT = "dwarf-with-dsym";
				ENABLE_NS_ASSERTIONS = NO;
				ENABLE_STRICT_OBJC_MSGSEND = YES;
				ENABLE_USER_SCRIPT_SANDBOXING = YES;
				GCC_C_LANGUAGE_STANDARD = gnu17;
				GCC_NO_COMMON_BLOCKS = YES;
				GCC_WARN_64_TO_32_BIT_CONVERSION = YES;
				GCC_WARN_ABOUT_RETURN_TYPE = YES_ERROR;
				GCC_WARN_UNDECLARED_SELECTOR = YES;
				GCC_WARN_UNINITIALIZED_AUTOS = YES_AGGRESSIVE;
				GCC_WARN_UNUSED_FUNCTION = YES;
				GCC_WARN_UNUSED_VARIABLE = YES;
				IPHONEOS_DEPLOYMENT_TARGET = 17.5;
				LOCALIZATION_PREFERS_STRING_CATALOGS = YES;
				MTL_ENABLE_DEBUG_INFO = NO;
				MTL_FAST_MATH = YES;
				SDKROOT = iphoneos;
				SWIFT_COMPILATION_MODE = wholemodule;
				VALIDATE_PRODUCT = YES;
			};
			name = Release;
		};
		DAD73E8B2CE765A700B2A1B1 /* Debug */ = {
			isa = XCBuildConfiguration;
			buildSettings = {
				ASSETCATALOG_COMPILER_APPICON_NAME = AppIcon;
				ASSETCATALOG_COMPILER_GLOBAL_ACCENT_COLOR_NAME = AccentColor;
				CODE_SIGN_STYLE = Automatic;
				CURRENT_PROJECT_VERSION = 1;
				DEVELOPMENT_ASSET_PATHS = "\"identify-antique/Preview Content\"";
				DEVELOPMENT_TEAM = 79D4DF9CQ8;
				ENABLE_PREVIEWS = YES;
				GENERATE_INFOPLIST_FILE = YES;
				INFOPLIST_KEY_CFBundleDisplayName = "Indentify Antique";
				INFOPLIST_KEY_LSApplicationCategoryType = "public.app-category.utilities";
				INFOPLIST_KEY_UIApplicationSceneManifest_Generation = YES;
				INFOPLIST_KEY_UIApplicationSupportsIndirectInputEvents = YES;
				INFOPLIST_KEY_UILaunchScreen_Generation = YES;
				INFOPLIST_KEY_UISupportedInterfaceOrientations = UIInterfaceOrientationPortrait;
				INFOPLIST_KEY_UISupportedInterfaceOrientations_iPad = "UIInterfaceOrientationLandscapeLeft UIInterfaceOrientationLandscapeRight UIInterfaceOrientationPortrait UIInterfaceOrientationPortraitUpsideDown";
				IPHONEOS_DEPLOYMENT_TARGET = 16.0;
				LD_RUNPATH_SEARCH_PATHS = (
					"$(inherited)",
					"@executable_path/Frameworks",
				);
				MARKETING_VERSION = 1.0;
				PRODUCT_BUNDLE_IDENTIFIER = "-.identify-antique";
				PRODUCT_NAME = "$(TARGET_NAME)";
				SUPPORTED_PLATFORMS = "iphoneos iphonesimulator";
				SUPPORTS_MACCATALYST = NO;
				SUPPORTS_MAC_DESIGNED_FOR_IPHONE_IPAD = NO;
				SUPPORTS_XR_DESIGNED_FOR_IPHONE_IPAD = NO;
				SWIFT_EMIT_LOC_STRINGS = YES;
				SWIFT_VERSION = 5.0;
				TARGETED_DEVICE_FAMILY = 1;
			};
			name = Debug;
		};
		DAD73E8C2CE765A700B2A1B1 /* Release */ = {
			isa = XCBuildConfiguration;
			buildSettings = {
				ASSETCATALOG_COMPILER_APPICON_NAME = AppIcon;
				ASSETCATALOG_COMPILER_GLOBAL_ACCENT_COLOR_NAME = AccentColor;
				CODE_SIGN_STYLE = Automatic;
				CURRENT_PROJECT_VERSION = 1;
				DEVELOPMENT_ASSET_PATHS = "\"identify-antique/Preview Content\"";
				DEVELOPMENT_TEAM = 79D4DF9CQ8;
				ENABLE_PREVIEWS = YES;
				GENERATE_INFOPLIST_FILE = YES;
				INFOPLIST_KEY_CFBundleDisplayName = "Indentify Antique";
				INFOPLIST_KEY_LSApplicationCategoryType = "public.app-category.utilities";
				INFOPLIST_KEY_UIApplicationSceneManifest_Generation = YES;
				INFOPLIST_KEY_UIApplicationSupportsIndirectInputEvents = YES;
				INFOPLIST_KEY_UILaunchScreen_Generation = YES;
				INFOPLIST_KEY_UISupportedInterfaceOrientations = UIInterfaceOrientationPortrait;
				INFOPLIST_KEY_UISupportedInterfaceOrientations_iPad = "UIInterfaceOrientationLandscapeLeft UIInterfaceOrientationLandscapeRight UIInterfaceOrientationPortrait UIInterfaceOrientationPortraitUpsideDown";
				IPHONEOS_DEPLOYMENT_TARGET = 16.0;
				LD_RUNPATH_SEARCH_PATHS = (
					"$(inherited)",
					"@executable_path/Frameworks",
				);
				MARKETING_VERSION = 1.0;
				PRODUCT_BUNDLE_IDENTIFIER = "-.identify-antique";
				PRODUCT_NAME = "$(TARGET_NAME)";
				SUPPORTED_PLATFORMS = "iphoneos iphonesimulator";
				SUPPORTS_MACCATALYST = NO;
				SUPPORTS_MAC_DESIGNED_FOR_IPHONE_IPAD = NO;
				SUPPORTS_XR_DESIGNED_FOR_IPHONE_IPAD = NO;
				SWIFT_EMIT_LOC_STRINGS = YES;
				SWIFT_VERSION = 5.0;
				TARGETED_DEVICE_FAMILY = 1;
			};
			name = Release;
		};
/* End XCBuildConfiguration section */

/* Begin XCConfigurationList section */
		DAD73E772CE765A400B2A1B1 /* Build configuration list for PBXProject "identify-antique" */ = {
			isa = XCConfigurationList;
			buildConfigurations = (
				DAD73E882CE765A700B2A1B1 /* Debug */,
				DAD73E892CE765A700B2A1B1 /* Release */,
			);
			defaultConfigurationIsVisible = 0;
			defaultConfigurationName = Release;
		};
		DAD73E8A2CE765A700B2A1B1 /* Build configuration list for PBXNativeTarget "identify-antique" */ = {
			isa = XCConfigurationList;
			buildConfigurations = (
				DAD73E8B2CE765A700B2A1B1 /* Debug */,
				DAD73E8C2CE765A700B2A1B1 /* Release */,
			);
			defaultConfigurationIsVisible = 0;
			defaultConfigurationName = Release;
		};
/* End XCConfigurationList section */
	};
	rootObject = DAD73E742CE765A400B2A1B1 /* Project object */;
}
